// !$*UTF8*$!
{
	archiveVersion = 1;
	classes = {
	};
	objectVersion = 56;
	objects = {

/* Begin PBXBuildFile section */
		E70916E129DF6E640039AA99 /* books.json in Resources */ = {isa = PBXBuildFile; fileRef = E70916E029DF6E640039AA99 /* books.json */; };
		E70916E529DF70550039AA99 /* BookContentView.swift in Sources */ = {isa = PBXBuildFile; fileRef = E70916E429DF70550039AA99 /* BookContentView.swift */; };
		E70916E929DF70EA0039AA99 /* Book.swift in Sources */ = {isa = PBXBuildFile; fileRef = E70916E829DF70EA0039AA99 /* Book.swift */; };
		E70916EB29DF70F80039AA99 /* BookModel.swift in Sources */ = {isa = PBXBuildFile; fileRef = E70916EA29DF70F80039AA99 /* BookModel.swift */; };
		E70916ED29DF78B70039AA99 /* BookDetailView.swift in Sources */ = {isa = PBXBuildFile; fileRef = E70916EC29DF78B70039AA99 /* BookDetailView.swift */; };
		E70916EF29DF86060039AA99 /* BookPreview.swift in Sources */ = {isa = PBXBuildFile; fileRef = E70916EE29DF86060039AA99 /* BookPreview.swift */; };
		E728E5AA29DF6B1C00240180 /* Book_SwiftUIApp.swift in Sources */ = {isa = PBXBuildFile; fileRef = E728E5A929DF6B1C00240180 /* Book_SwiftUIApp.swift */; };
		E728E5AC29DF6B1C00240180 /* BookListView.swift in Sources */ = {isa = PBXBuildFile; fileRef = E728E5AB29DF6B1C00240180 /* BookListView.swift */; };
		E728E5AE29DF6B1D00240180 /* Assets.xcassets in Resources */ = {isa = PBXBuildFile; fileRef = E728E5AD29DF6B1D00240180 /* Assets.xcassets */; };
		E728E5B129DF6B1D00240180 /* Preview Assets.xcassets in Resources */ = {isa = PBXBuildFile; fileRef = E728E5B029DF6B1D00240180 /* Preview Assets.xcassets */; };
/* End PBXBuildFile section */

/* Begin PBXFileReference section */
		E70916E029DF6E640039AA99 /* books.json */ = {isa = PBXFileReference; fileEncoding = 4; lastKnownFileType = text.json; path = books.json; sourceTree = "<group>"; };
		E70916E429DF70550039AA99 /* BookContentView.swift */ = {isa = PBXFileReference; lastKnownFileType = sourcecode.swift; path = BookContentView.swift; sourceTree = "<group>"; };
		E70916E829DF70EA0039AA99 /* Book.swift */ = {isa = PBXFileReference; lastKnownFileType = sourcecode.swift; path = Book.swift; sourceTree = "<group>"; };
		E70916EA29DF70F80039AA99 /* BookModel.swift */ = {isa = PBXFileReference; lastKnownFileType = sourcecode.swift; path = BookModel.swift; sourceTree = "<group>"; };
		E70916EC29DF78B70039AA99 /* BookDetailView.swift */ = {isa = PBXFileReference; lastKnownFileType = sourcecode.swift; path = BookDetailView.swift; sourceTree = "<group>"; };
		E70916EE29DF86060039AA99 /* BookPreview.swift */ = {isa = PBXFileReference; fileEncoding = 4; lastKnownFileType = sourcecode.swift; path = BookPreview.swift; sourceTree = "<group>"; };
		E728E5A629DF6B1C00240180 /* Book-SwiftUI.app */ = {isa = PBXFileReference; explicitFileType = wrapper.application; includeInIndex = 0; path = "Book-SwiftUI.app"; sourceTree = BUILT_PRODUCTS_DIR; };
		E728E5A929DF6B1C00240180 /* Book_SwiftUIApp.swift */ = {isa = PBXFileReference; lastKnownFileType = sourcecode.swift; path = Book_SwiftUIApp.swift; sourceTree = "<group>"; };
		E728E5AB29DF6B1C00240180 /* BookListView.swift */ = {isa = PBXFileReference; lastKnownFileType = sourcecode.swift; path = BookListView.swift; sourceTree = "<group>"; };
		E728E5AD29DF6B1D00240180 /* Assets.xcassets */ = {isa = PBXFileReference; lastKnownFileType = folder.assetcatalog; path = Assets.xcassets; sourceTree = "<group>"; };
		E728E5B029DF6B1D00240180 /* Preview Assets.xcassets */ = {isa = PBXFileReference; lastKnownFileType = folder.assetcatalog; path = "Preview Assets.xcassets"; sourceTree = "<group>"; };
/* End PBXFileReference section */

/* Begin PBXFrameworksBuildPhase section */
		E728E5A329DF6B1C00240180 /* Frameworks */ = {
			isa = PBXFrameworksBuildPhase;
			buildActionMask = 2147483647;
			files = (
			);
			runOnlyForDeploymentPostprocessing = 0;
		};
/* End PBXFrameworksBuildPhase section */

/* Begin PBXGroup section */
		E70916DE29DF6E370039AA99 /* Data */ = {
			isa = PBXGroup;
			children = (
				E70916E029DF6E640039AA99 /* books.json */,
			);
			path = Data;
			sourceTree = "<group>";
		};
		E70916DF29DF6E4B0039AA99 /* Views */ = {
			isa = PBXGroup;
			children = (
				E728E5AB29DF6B1C00240180 /* BookListView.swift */,
				E70916EC29DF78B70039AA99 /* BookDetailView.swift */,
				E70916E429DF70550039AA99 /* BookContentView.swift */,
				E70916EE29DF86060039AA99 /* BookPreview.swift */,
			);
			path = Views;
			sourceTree = "<group>";
		};
		E70916E629DF70800039AA99 /* DataModel */ = {
			isa = PBXGroup;
			children = (
				E70916E829DF70EA0039AA99 /* Book.swift */,
			);
			path = DataModel;
			sourceTree = "<group>";
		};
		E70916E729DF709A0039AA99 /* ViewModel */ = {
			isa = PBXGroup;
			children = (
				E70916EA29DF70F80039AA99 /* BookModel.swift */,
			);
			path = ViewModel;
			sourceTree = "<group>";
		};
		E728E59D29DF6B1C00240180 = {
			isa = PBXGroup;
			children = (
				E728E5A829DF6B1C00240180 /* Book-SwiftUI */,
				E728E5A729DF6B1C00240180 /* Products */,
			);
			sourceTree = "<group>";
		};
		E728E5A729DF6B1C00240180 /* Products */ = {
			isa = PBXGroup;
			children = (
				E728E5A629DF6B1C00240180 /* Book-SwiftUI.app */,
			);
			name = Products;
			sourceTree = "<group>";
		};
		E728E5A829DF6B1C00240180 /* Book-SwiftUI */ = {
			isa = PBXGroup;
			children = (
				E728E5A929DF6B1C00240180 /* Book_SwiftUIApp.swift */,
				E70916DF29DF6E4B0039AA99 /* Views */,
				E70916E729DF709A0039AA99 /* ViewModel */,
				E70916E629DF70800039AA99 /* DataModel */,
				E70916DE29DF6E370039AA99 /* Data */,
				E728E5AD29DF6B1D00240180 /* Assets.xcassets */,
				E728E5AF29DF6B1D00240180 /* Preview Content */,
			);
			path = "Book-SwiftUI";
			sourceTree = "<group>";
		};
		E728E5AF29DF6B1D00240180 /* Preview Content */ = {
			isa = PBXGroup;
			children = (
				E728E5B029DF6B1D00240180 /* Preview Assets.xcassets */,
			);
			path = "Preview Content";
			sourceTree = "<group>";
		};
/* End PBXGroup section */

/* Begin PBXNativeTarget section */
		E728E5A529DF6B1C00240180 /* Book-SwiftUI */ = {
			isa = PBXNativeTarget;
			buildConfigurationList = E728E5B429DF6B1D00240180 /* Build configuration list for PBXNativeTarget "Book-SwiftUI" */;
			buildPhases = (
				E728E5A229DF6B1C00240180 /* Sources */,
				E728E5A329DF6B1C00240180 /* Frameworks */,
				E728E5A429DF6B1C00240180 /* Resources */,
			);
			buildRules = (
			);
			dependencies = (
			);
			name = "Book-SwiftUI";
			productName = "Book-SwiftUI";
			productReference = E728E5A629DF6B1C00240180 /* Book-SwiftUI.app */;
			productType = "com.apple.product-type.application";
		};
/* End PBXNativeTarget section */

/* Begin PBXProject section */
		E728E59E29DF6B1C00240180 /* Project object */ = {
			isa = PBXProject;
			attributes = {
				BuildIndependentTargetsInParallel = 1;
				LastSwiftUpdateCheck = 1430;
				LastUpgradeCheck = 1430;
				TargetAttributes = {
					E728E5A529DF6B1C00240180 = {
						CreatedOnToolsVersion = 14.3;
					};
				};
			};
			buildConfigurationList = E728E5A129DF6B1C00240180 /* Build configuration list for PBXProject "Book-SwiftUI" */;
			compatibilityVersion = "Xcode 14.0";
			developmentRegion = en;
			hasScannedForEncodings = 0;
			knownRegions = (
				en,
				Base,
			);
			mainGroup = E728E59D29DF6B1C00240180;
			productRefGroup = E728E5A729DF6B1C00240180 /* Products */;
			projectDirPath = "";
			projectRoot = "";
			targets = (
				E728E5A529DF6B1C00240180 /* Book-SwiftUI */,
			);
		};
/* End PBXProject section */

/* Begin PBXResourcesBuildPhase section */
		E728E5A429DF6B1C00240180 /* Resources */ = {
			isa = PBXResourcesBuildPhase;
			buildActionMask = 2147483647;
			files = (
				E70916E129DF6E640039AA99 /* books.json in Resources */,
				E728E5B129DF6B1D00240180 /* Preview Assets.xcassets in Resources */,
				E728E5AE29DF6B1D00240180 /* Assets.xcassets in Resources */,
			);
			runOnlyForDeploymentPostprocessing = 0;
		};
/* End PBXResourcesBuildPhase section */

/* Begin PBXSourcesBuildPhase section */
		E728E5A229DF6B1C00240180 /* Sources */ = {
			isa = PBXSourcesBuildPhase;
			buildActionMask = 2147483647;
			files = (
				E70916EB29DF70F80039AA99 /* BookModel.swift in Sources */,
				E728E5AC29DF6B1C00240180 /* BookListView.swift in Sources */,
				E70916E529DF70550039AA99 /* BookContentView.swift in Sources */,
				E70916EF29DF86060039AA99 /* BookPreview.swift in Sources */,
				E70916E929DF70EA0039AA99 /* Book.swift in Sources */,
				E728E5AA29DF6B1C00240180 /* Book_SwiftUIApp.swift in Sources */,
				E70916ED29DF78B70039AA99 /* BookDetailView.swift in Sources */,
			);
			runOnlyForDeploymentPostprocessing = 0;
		};
/* End PBXSourcesBuildPhase section */

/* Begin XCBuildConfiguration section */
		E728E5B229DF6B1D00240180 /* Debug */ = {
			isa = XCBuildConfiguration;
			buildSettings = {
				ALWAYS_SEARCH_USER_PATHS = NO;
				CLANG_ANALYZER_NONNULL = YES;
				CLANG_ANALYZER_NUMBER_OBJECT_CONVERSION = YES_AGGRESSIVE;
				CLANG_CXX_LANGUAGE_STANDARD = "gnu++20";
				CLANG_ENABLE_MODULES = YES;
				CLANG_ENABLE_OBJC_ARC = YES;
				CLANG_ENABLE_OBJC_WEAK = YES;
				CLANG_WARN_BLOCK_CAPTURE_AUTORELEASING = YES;
				CLANG_WARN_BOOL_CONVERSION = YES;
				CLANG_WARN_COMMA = YES;
				CLANG_WARN_CONSTANT_CONVERSION = YES;
				CLANG_WARN_DEPRECATED_OBJC_IMPLEMENTATIONS = YES;
				CLANG_WARN_DIRECT_OBJC_ISA_USAGE = YES_ERROR;
				CLANG_WARN_DOCUMENTATION_COMMENTS = YES;
				CLANG_WARN_EMPTY_BODY = YES;
				CLANG_WARN_ENUM_CONVERSION = YES;
				CLANG_WARN_INFINITE_RECURSION = YES;
				CLANG_WARN_INT_CONVERSION = YES;
				CLANG_WARN_NON_LITERAL_NULL_CONVERSION = YES;
				CLANG_WARN_OBJC_IMPLICIT_RETAIN_SELF = YES;
				CLANG_WARN_OBJC_LITERAL_CONVERSION = YES;
				CLANG_WARN_OBJC_ROOT_CLASS = YES_ERROR;
				CLANG_WARN_QUOTED_INCLUDE_IN_FRAMEWORK_HEADER = YES;
				CLANG_WARN_RANGE_LOOP_ANALYSIS = YES;
				CLANG_WARN_STRICT_PROTOTYPES = YES;
				CLANG_WARN_SUSPICIOUS_MOVE = YES;
				CLANG_WARN_UNGUARDED_AVAILABILITY = YES_AGGRESSIVE;
				CLANG_WARN_UNREACHABLE_CODE = YES;
				CLANG_WARN__DUPLICATE_METHOD_MATCH = YES;
				COPY_PHASE_STRIP = NO;
				DEBUG_INFORMATION_FORMAT = dwarf;
				ENABLE_STRICT_OBJC_MSGSEND = YES;
				ENABLE_TESTABILITY = YES;
				GCC_C_LANGUAGE_STANDARD = gnu11;
				GCC_DYNAMIC_NO_PIC = NO;
				GCC_NO_COMMON_BLOCKS = YES;
				GCC_OPTIMIZATION_LEVEL = 0;
				GCC_PREPROCESSOR_DEFINITIONS = (
					"DEBUG=1",
					"$(inherited)",
				);
				GCC_WARN_64_TO_32_BIT_CONVERSION = YES;
				GCC_WARN_ABOUT_RETURN_TYPE = YES_ERROR;
				GCC_WARN_UNDECLARED_SELECTOR = YES;
				GCC_WARN_UNINITIALIZED_AUTOS = YES_AGGRESSIVE;
				GCC_WARN_UNUSED_FUNCTION = YES;
				GCC_WARN_UNUSED_VARIABLE = YES;
				IPHONEOS_DEPLOYMENT_TARGET = 16.4;
				MTL_ENABLE_DEBUG_INFO = INCLUDE_SOURCE;
				MTL_FAST_MATH = YES;
				ONLY_ACTIVE_ARCH = YES;
				SDKROOT = iphoneos;
				SWIFT_ACTIVE_COMPILATION_CONDITIONS = DEBUG;
				SWIFT_OPTIMIZATION_LEVEL = "-Onone";
			};
			name = Debug;
		};
		E728E5B329DF6B1D00240180 /* Release */ = {
			isa = XCBuildConfiguration;
			buildSettings = {
				ALWAYS_SEARCH_USER_PATHS = NO;
				CLANG_ANALYZER_NONNULL = YES;
				CLANG_ANALYZER_NUMBER_OBJECT_CONVERSION = YES_AGGRESSIVE;
				CLANG_CXX_LANGUAGE_STANDARD = "gnu++20";
				CLANG_ENABLE_MODULES = YES;
				CLANG_ENABLE_OBJC_ARC = YES;
				CLANG_ENABLE_OBJC_WEAK = YES;
				CLANG_WARN_BLOCK_CAPTURE_AUTORELEASING = YES;
				CLANG_WARN_BOOL_CONVERSION = YES;
				CLANG_WARN_COMMA = YES;
				CLANG_WARN_CONSTANT_CONVERSION = YES;
				CLANG_WARN_DEPRECATED_OBJC_IMPLEMENTATIONS = YES;
				CLANG_WARN_DIRECT_OBJC_ISA_USAGE = YES_ERROR;
				CLANG_WARN_DOCUMENTATION_COMMENTS = YES;
				CLANG_WARN_EMPTY_BODY = YES;
				CLANG_WARN_ENUM_CONVERSION = YES;
				CLANG_WARN_INFINITE_RECURSION = YES;
				CLANG_WARN_INT_CONVERSION = YES;
				CLANG_WARN_NON_LITERAL_NULL_CONVERSION = YES;
				CLANG_WARN_OBJC_IMPLICIT_RETAIN_SELF = YES;
				CLANG_WARN_OBJC_LITERAL_CONVERSION = YES;
				CLANG_WARN_OBJC_ROOT_CLASS = YES_ERROR;
				CLANG_WARN_QUOTED_INCLUDE_IN_FRAMEWORK_HEADER = YES;
				CLANG_WARN_RANGE_LOOP_ANALYSIS = YES;
				CLANG_WARN_STRICT_PROTOTYPES = YES;
				CLANG_WARN_SUSPICIOUS_MOVE = YES;
				CLANG_WARN_UNGUARDED_AVAILABILITY = YES_AGGRESSIVE;
				CLANG_WARN_UNREACHABLE_CODE = YES;
				CLANG_WARN__DUPLICATE_METHOD_MATCH = YES;
				COPY_PHASE_STRIP = NO;
				DEBUG_INFORMATION_FORMAT = "dwarf-with-dsym";
				ENABLE_NS_ASSERTIONS = NO;
				ENABLE_STRICT_OBJC_MSGSEND = YES;
				GCC_C_LANGUAGE_STANDARD = gnu11;
				GCC_NO_COMMON_BLOCKS = YES;
				GCC_WARN_64_TO_32_BIT_CONVERSION = YES;
				GCC_WARN_ABOUT_RETURN_TYPE = YES_ERROR;
				GCC_WARN_UNDECLARED_SELECTOR = YES;
				GCC_WARN_UNINITIALIZED_AUTOS = YES_AGGRESSIVE;
				GCC_WARN_UNUSED_FUNCTION = YES;
				GCC_WARN_UNUSED_VARIABLE = YES;
				IPHONEOS_DEPLOYMENT_TARGET = 16.4;
				MTL_ENABLE_DEBUG_INFO = NO;
				MTL_FAST_MATH = YES;
				SDKROOT = iphoneos;
				SWIFT_COMPILATION_MODE = wholemodule;
				SWIFT_OPTIMIZATION_LEVEL = "-O";
				VALIDATE_PRODUCT = YES;
			};
			name = Release;
		};
		E728E5B529DF6B1D00240180 /* Debug */ = {
			isa = XCBuildConfiguration;
			buildSettings = {
				ASSETCATALOG_COMPILER_APPICON_NAME = AppIcon;
				ASSETCATALOG_COMPILER_GLOBAL_ACCENT_COLOR_NAME = AccentColor;
				CODE_SIGN_STYLE = Automatic;
				CURRENT_PROJECT_VERSION = 1;
				DEVELOPMENT_ASSET_PATHS = "\"Book-SwiftUI/Preview Content\"";
				DEVELOPMENT_TEAM = B95CDA4934;
				ENABLE_PREVIEWS = YES;
				GENERATE_INFOPLIST_FILE = YES;
				INFOPLIST_KEY_UIApplicationSceneManifest_Generation = YES;
				INFOPLIST_KEY_UIApplicationSupportsIndirectInputEvents = YES;
				INFOPLIST_KEY_UILaunchScreen_Generation = YES;
				INFOPLIST_KEY_UISupportedInterfaceOrientations_iPad = "UIInterfaceOrientationPortrait UIInterfaceOrientationPortraitUpsideDown UIInterfaceOrientationLandscapeLeft UIInterfaceOrientationLandscapeRight";
				INFOPLIST_KEY_UISupportedInterfaceOrientations_iPhone = "UIInterfaceOrientationPortrait UIInterfaceOrientationLandscapeLeft UIInterfaceOrientationLandscapeRight";
				LD_RUNPATH_SEARCH_PATHS = (
					"$(inherited)",
					"@executable_path/Frameworks",
				);
				MARKETING_VERSION = 1.0;
				PRODUCT_BUNDLE_IDENTIFIER = "com.ryutenu.Book-SwiftUI";
				PRODUCT_NAME = "$(TARGET_NAME)";
				SWIFT_EMIT_LOC_STRINGS = YES;
				SWIFT_VERSION = 5.0;
				TARGETED_DEVICE_FAMILY = "1,2";
			};
			name = Debug;
		};
		E728E5B629DF6B1D00240180 /* Release */ = {
			isa = XCBuildConfiguration;
			buildSettings = {
				ASSETCATALOG_COMPILER_APPICON_NAME = AppIcon;
				ASSETCATALOG_COMPILER_GLOBAL_ACCENT_COLOR_NAME = AccentColor;
				CODE_SIGN_STYLE = Automatic;
				CURRENT_PROJECT_VERSION = 1;
				DEVELOPMENT_ASSET_PATHS = "\"Book-SwiftUI/Preview Content\"";
				DEVELOPMENT_TEAM = B95CDA4934;
				ENABLE_PREVIEWS = YES;
				GENERATE_INFOPLIST_FILE = YES;
				INFOPLIST_KEY_UIApplicationSceneManifest_Generation = YES;
				INFOPLIST_KEY_UIApplicationSupportsIndirectInputEvents = YES;
				INFOPLIST_KEY_UILaunchScreen_Generation = YES;
				INFOPLIST_KEY_UISupportedInterfaceOrientations_iPad = "UIInterfaceOrientationPortrait UIInterfaceOrientationPortraitUpsideDown UIInterfaceOrientationLandscapeLeft UIInterfaceOrientationLandscapeRight";
				INFOPLIST_KEY_UISupportedInterfaceOrientations_iPhone = "UIInterfaceOrientationPortrait UIInterfaceOrientationLandscapeLeft UIInterfaceOrientationLandscapeRight";
				LD_RUNPATH_SEARCH_PATHS = (
					"$(inherited)",
					"@executable_path/Frameworks",
				);
				MARKETING_VERSION = 1.0;
				PRODUCT_BUNDLE_IDENTIFIER = "com.ryutenu.Book-SwiftUI";
				PRODUCT_NAME = "$(TARGET_NAME)";
				SWIFT_EMIT_LOC_STRINGS = YES;
				SWIFT_VERSION = 5.0;
				TARGETED_DEVICE_FAMILY = "1,2";
			};
			name = Release;
		};
/* End XCBuildConfiguration section */

/* Begin XCConfigurationList section */
		E728E5A129DF6B1C00240180 /* Build configuration list for PBXProject "Book-SwiftUI" */ = {
			isa = XCConfigurationList;
			buildConfigurations = (
				E728E5B229DF6B1D00240180 /* Debug */,
				E728E5B329DF6B1D00240180 /* Release */,
			);
			defaultConfigurationIsVisible = 0;
			defaultConfigurationName = Release;
		};
		E728E5B429DF6B1D00240180 /* Build configuration list for PBXNativeTarget "Book-SwiftUI" */ = {
			isa = XCConfigurationList;
			buildConfigurations = (
				E728E5B529DF6B1D00240180 /* Debug */,
				E728E5B629DF6B1D00240180 /* Release */,
			);
			defaultConfigurationIsVisible = 0;
			defaultConfigurationName = Release;
		};
/* End XCConfigurationList section */
	};
	rootObject = E728E59E29DF6B1C00240180 /* Project object */;
}
